
Microsoft Visual Studio Solution File, Format Version 12.00
# Visual Studio 14
VisualStudioVersion = 14.0.25123.0
MinimumVisualStudioVersion = 10.0.40219.1
Project("{2150E333-8FDC-42A3-9474-1A3956D46DE8}") = "Solution Items", "Solution Items", "{420015EE-40FF-482B-A9F7-1E1F9B12A085}"
	ProjectSection(SolutionItems) = preProject
		About.txt = About.txt
	EndProjectSection
EndProject
Project("{FAE04EC0-301F-11D3-BF4B-00C04F79EFBC}") = "UI", "UI\UI.csproj", "{CC8D8850-B9E5-4152-8426-8FD572504A49}"
EndProject
Project("{FAE04EC0-301F-11D3-BF4B-00C04F79EFBC}") = "REST", "REST\REST.csproj", "{C18030E4-55EE-434D-8801-8CBCC7F07A45}"
EndProject
Global
	GlobalSection(SolutionConfigurationPlatforms) = preSolution
		Debug|Any CPU = Debug|Any CPU
		Debug|ARM = Debug|ARM
		Debug|x86 = Debug|x86
		Release|Any CPU = Release|Any CPU
		Release|ARM = Release|ARM
		Release|x86 = Release|x86
	EndGlobalSection
	GlobalSection(ProjectConfigurationPlatforms) = postSolution
		{CC8D8850-B9E5-4152-8426-8FD572504A49}.Debug|Any CPU.ActiveCfg = Debug|Any CPU
		{CC8D8850-B9E5-4152-8426-8FD572504A49}.Debug|Any CPU.Build.0 = Debug|Any CPU
		{CC8D8850-B9E5-4152-8426-8FD572504A49}.Debug|Any CPU.Deploy.0 = Debug|Any CPU
		{CC8D8850-B9E5-4152-8426-8FD572504A49}.Debug|ARM.ActiveCfg = Debug|ARM
		{CC8D8850-B9E5-4152-8426-8FD572504A49}.Debug|ARM.Build.0 = Debug|ARM
		{CC8D8850-B9E5-4152-8426-8FD572504A49}.Debug|ARM.Deploy.0 = Debug|ARM
		{CC8D8850-B9E5-4152-8426-8FD572504A49}.Debug|x86.ActiveCfg = Debug|x86
		{CC8D8850-B9E5-4152-8426-8FD572504A49}.Debug|x86.Build.0 = Debug|x86
		{CC8D8850-B9E5-4152-8426-8FD572504A49}.Debug|x86.Deploy.0 = Debug|x86
		{CC8D8850-B9E5-4152-8426-8FD572504A49}.Release|Any CPU.ActiveCfg = Release|Any CPU
		{CC8D8850-B9E5-4152-8426-8FD572504A49}.Release|Any CPU.Build.0 = Release|Any CPU
		{CC8D8850-B9E5-4152-8426-8FD572504A49}.Release|Any CPU.Deploy.0 = Release|Any CPU
		{CC8D8850-B9E5-4152-8426-8FD572504A49}.Release|ARM.ActiveCfg = Release|ARM
		{CC8D8850-B9E5-4152-8426-8FD572504A49}.Release|ARM.Build.0 = Release|ARM
		{CC8D8850-B9E5-4152-8426-8FD572504A49}.Release|ARM.Deploy.0 = Release|ARM
		{CC8D8850-B9E5-4152-8426-8FD572504A49}.Release|x86.ActiveCfg = Release|x86
		{CC8D8850-B9E5-4152-8426-8FD572504A49}.Release|x86.Build.0 = Release|x86
		{CC8D8850-B9E5-4152-8426-8FD572504A49}.Release|x86.Deploy.0 = Release|x86
		{C18030E4-55EE-434D-8801-8CBCC7F07A45}.Debug|Any CPU.ActiveCfg = Debug|Any CPU
		{C18030E4-55EE-434D-8801-8CBCC7F07A45}.Debug|Any CPU.Build.0 = Debug|Any CPU
		{C18030E4-55EE-434D-8801-8CBCC7F07A45}.Debug|ARM.ActiveCfg = Debug|Any CPU
		{C18030E4-55EE-434D-8801-8CBCC7F07A45}.Debug|ARM.Build.0 = Debug|Any CPU
		{C18030E4-55EE-434D-8801-8CBCC7F07A45}.Debug|x86.ActiveCfg = Debug|Any CPU
		{C18030E4-55EE-434D-8801-8CBCC7F07A45}.Debug|x86.Build.0 = Debug|Any CPU
		{C18030E4-55EE-434D-8801-8CBCC7F07A45}.Release|Any CPU.ActiveCfg = Release|Any CPU
		{C18030E4-55EE-434D-8801-8CBCC7F07A45}.Release|Any CPU.Build.0 = Release|Any CPU
		{C18030E4-55EE-434D-8801-8CBCC7F07A45}.Release|ARM.ActiveCfg = Release|Any CPU
		{C18030E4-55EE-434D-8801-8CBCC7F07A45}.Release|ARM.Build.0 = Release|Any CPU
		{C18030E4-55EE-434D-8801-8CBCC7F07A45}.Release|x86.ActiveCfg = Release|Any CPU
		{C18030E4-55EE-434D-8801-8CBCC7F07A45}.Release|x86.Build.0 = Release|Any CPU
	EndGlobalSection
	GlobalSection(SolutionProperties) = preSolution
		HideSolutionNode = FALSE
	EndGlobalSection
EndGlobal
